github.com/davecgh/go-spew v1.1.1 h1:vj9j/u1bqnvCEfJOwUhtlOARqs3+rkHYY13jYWTU97c=
github.com/pmezard/go-difflib v1.0.0 h1:4DBwDE0NGyQoBHbLQYPwSUPoCMWR5BEzIk/f1lZbAQM=
github.com/projectdiscovery/ratelimit v0.0.6 h1:SAD2ArdT9F8NmbkAIZpl7DjNnbiXdUQLnMZt5dbVmZ0=
github.com/projectdiscovery/ratelimit v0.0.6/go.mod h1:WFL6gIggPLTwYwDbxqQODuWrz/lcMP2E5ofKSAz3YwI=
github.com/projectdiscovery/utils v0.0.6 h1:6SDn/5E5NxrAfcYrZ7omXPmiU9n8p0rKXZ4BAOQyzbw=
github.com/projectdiscovery/utils v0.0.6/go.mod h1:PCwA5YuCYWPgHaGiZmr53/SA9iGQmAnw7DSHuhr8VPQ=
github.com/stretchr/testify v1.8.1 h1:w7B6lhMri9wdJUVmEZPGGhZzrYTPvgJArz7wNPgYKsk=
gopkg.in/yaml.v3 v3.0.1 h1:fxVm/GzAzEWqLHuvctI91KS9hhNmmWOoWu0XTYJS7CA=
